// !$*UTF8*$!
{
	archiveVersion = 1;
	classes = {
	};
	objectVersion = 46;
	objects = {

/* Begin PBXBuildFile section */
		D2538A5BEE87236AFD0F32EB /* Pods.framework in Frameworks */ = {isa = PBXBuildFile; fileRef = 683DDBA3399391F9802CC223 /* Pods.framework */; };
		E2256B161CBF193300A6E786 /* AppDelegate.swift in Sources */ = {isa = PBXBuildFile; fileRef = E2256B151CBF193300A6E786 /* AppDelegate.swift */; };
		E2256B181CBF193300A6E786 /* ViewController.swift in Sources */ = {isa = PBXBuildFile; fileRef = E2256B171CBF193300A6E786 /* ViewController.swift */; };
		E2256B1B1CBF193300A6E786 /* Main.storyboard in Resources */ = {isa = PBXBuildFile; fileRef = E2256B191CBF193300A6E786 /* Main.storyboard */; };
		E2256B1D1CBF193300A6E786 /* Assets.xcassets in Resources */ = {isa = PBXBuildFile; fileRef = E2256B1C1CBF193300A6E786 /* Assets.xcassets */; };
		E2256B201CBF193300A6E786 /* LaunchScreen.storyboard in Resources */ = {isa = PBXBuildFile; fileRef = E2256B1E1CBF193300A6E786 /* LaunchScreen.storyboard */; };
		E2256B281CBF198A00A6E786 /* TableViewController.swift in Sources */ = {isa = PBXBuildFile; fileRef = E2256B271CBF198A00A6E786 /* TableViewController.swift */; };
		E2256B2A1CBF199200A6E786 /* User.swift in Sources */ = {isa = PBXBuildFile; fileRef = E2256B291CBF199200A6E786 /* User.swift */; };
/* End PBXBuildFile section */

/* Begin PBXFileReference section */
		1DCCE841A55A0CDEB8639074 /* Pods.debug.xcconfig */ = {isa = PBXFileReference; includeInIndex = 1; lastKnownFileType = text.xcconfig; name = Pods.debug.xcconfig; path = "Pods/Target Support Files/Pods/Pods.debug.xcconfig"; sourceTree = "<group>"; };
		683DDBA3399391F9802CC223 /* Pods.framework */ = {isa = PBXFileReference; explicitFileType = wrapper.framework; includeInIndex = 0; path = Pods.framework; sourceTree = BUILT_PRODUCTS_DIR; };
		B7D6DB36646D38A929F979DF /* Pods.release.xcconfig */ = {isa = PBXFileReference; includeInIndex = 1; lastKnownFileType = text.xcconfig; name = Pods.release.xcconfig; path = "Pods/Target Support Files/Pods/Pods.release.xcconfig"; sourceTree = "<group>"; };
		E2256B121CBF193300A6E786 /* RealmSwiftSample.app */ = {isa = PBXFileReference; explicitFileType = wrapper.application; includeInIndex = 0; path = RealmSwiftSample.app; sourceTree = BUILT_PRODUCTS_DIR; };
		E2256B151CBF193300A6E786 /* AppDelegate.swift */ = {isa = PBXFileReference; lastKnownFileType = sourcecode.swift; path = AppDelegate.swift; sourceTree = "<group>"; };
		E2256B171CBF193300A6E786 /* ViewController.swift */ = {isa = PBXFileReference; lastKnownFileType = sourcecode.swift; path = ViewController.swift; sourceTree = "<group>"; };
		E2256B1A1CBF193300A6E786 /* Base */ = {isa = PBXFileReference; lastKnownFileType = file.storyboard; name = Base; path = Base.lproj/Main.storyboard; sourceTree = "<group>"; };
		E2256B1C1CBF193300A6E786 /* Assets.xcassets */ = {isa = PBXFileReference; lastKnownFileType = folder.assetcatalog; path = Assets.xcassets; sourceTree = "<group>"; };
		E2256B1F1CBF193300A6E786 /* Base */ = {isa = PBXFileReference; lastKnownFileType = file.storyboard; name = Base; path = Base.lproj/LaunchScreen.storyboard; sourceTree = "<group>"; };
		E2256B211CBF193300A6E786 /* Info.plist */ = {isa = PBXFileReference; lastKnownFileType = text.plist.xml; path = Info.plist; sourceTree = "<group>"; };
		E2256B271CBF198A00A6E786 /* TableViewController.swift */ = {isa = PBXFileReference; fileEncoding = 4; lastKnownFileType = sourcecode.swift; path = TableViewController.swift; sourceTree = "<group>"; };
		E2256B291CBF199200A6E786 /* User.swift */ = {isa = PBXFileReference; fileEncoding = 4; lastKnownFileType = sourcecode.swift; path = User.swift; sourceTree = "<group>"; };
/* End PBXFileReference section */

/* Begin PBXFrameworksBuildPhase section */
		E2256B0F1CBF193300A6E786 /* Frameworks */ = {
			isa = PBXFrameworksBuildPhase;
			buildActionMask = 2147483647;
			files = (
				D2538A5BEE87236AFD0F32EB /* Pods.framework in Frameworks */,
			);
			runOnlyForDeploymentPostprocessing = 0;
		};
/* End PBXFrameworksBuildPhase section */

/* Begin PBXGroup section */
		01362366F793052B7989A931 /* Frameworks */ = {
			isa = PBXGroup;
			children = (
				683DDBA3399391F9802CC223 /* Pods.framework */,
			);
			name = Frameworks;
			sourceTree = "<group>";
		};
		0D1859D86148B77B87171049 /* Pods */ = {
			isa = PBXGroup;
			children = (
				1DCCE841A55A0CDEB8639074 /* Pods.debug.xcconfig */,
				B7D6DB36646D38A929F979DF /* Pods.release.xcconfig */,
			);
			name = Pods;
			sourceTree = "<group>";
		};
		E2256B091CBF193300A6E786 = {
			isa = PBXGroup;
			children = (
				E2256B141CBF193300A6E786 /* RealmSwiftSample */,
				E2256B131CBF193300A6E786 /* Products */,
				0D1859D86148B77B87171049 /* Pods */,
				01362366F793052B7989A931 /* Frameworks */,
			);
			sourceTree = "<group>";
		};
		E2256B131CBF193300A6E786 /* Products */ = {
			isa = PBXGroup;
			children = (
				E2256B121CBF193300A6E786 /* RealmSwiftSample.app */,
			);
			name = Products;
			sourceTree = "<group>";
		};
		E2256B141CBF193300A6E786 /* RealmSwiftSample */ = {
			isa = PBXGroup;
			children = (
				E2256B151CBF193300A6E786 /* AppDelegate.swift */,
				E2256B171CBF193300A6E786 /* ViewController.swift */,
				E2256B291CBF199200A6E786 /* User.swift */,
				E2256B271CBF198A00A6E786 /* TableViewController.swift */,
				E2256B191CBF193300A6E786 /* Main.storyboard */,
				E2256B1C1CBF193300A6E786 /* Assets.xcassets */,
				E2256B1E1CBF193300A6E786 /* LaunchScreen.storyboard */,
				E2256B211CBF193300A6E786 /* Info.plist */,
			);
			path = RealmSwiftSample;
			sourceTree = "<group>";
		};
/* End PBXGroup section */

/* Begin PBXNativeTarget section */
		E2256B111CBF193300A6E786 /* RealmSwiftSample */ = {
			isa = PBXNativeTarget;
			buildConfigurationList = E2256B241CBF193300A6E786 /* Build configuration list for PBXNativeTarget "RealmSwiftSample" */;
			buildPhases = (
				7E01906E97551B6163E3557F /* Check Pods Manifest.lock */,
				E2256B0E1CBF193300A6E786 /* Sources */,
				E2256B0F1CBF193300A6E786 /* Frameworks */,
				E2256B101CBF193300A6E786 /* Resources */,
				E4FABA696DDB6851949BE715 /* Embed Pods Frameworks */,
				8652C86FBF8715C116BFFB50 /* Copy Pods Resources */,
			);
			buildRules = (
			);
			dependencies = (
			);
			name = RealmSwiftSample;
			productName = RealmSwiftSample;
			productReference = E2256B121CBF193300A6E786 /* RealmSwiftSample.app */;
			productType = "com.apple.product-type.application";
		};
/* End PBXNativeTarget section */

/* Begin PBXProject section */
		E2256B0A1CBF193300A6E786 /* Project object */ = {
			isa = PBXProject;
			attributes = {
				LastSwiftUpdateCheck = 0720;
				LastUpgradeCheck = 0720;
				ORGANIZATIONNAME = YukihiroMoriyama;
				TargetAttributes = {
					E2256B111CBF193300A6E786 = {
						CreatedOnToolsVersion = 7.2.1;
					};
				};
			};
			buildConfigurationList = E2256B0D1CBF193300A6E786 /* Build configuration list for PBXProject "RealmSwiftSample" */;
			compatibilityVersion = "Xcode 3.2";
			developmentRegion = English;
			hasScannedForEncodings = 0;
			knownRegions = (
				en,
				Base,
			);
			mainGroup = E2256B091CBF193300A6E786;
			productRefGroup = E2256B131CBF193300A6E786 /* Products */;
			projectDirPath = "";
			projectRoot = "";
			targets = (
				E2256B111CBF193300A6E786 /* RealmSwiftSample */,
			);
		};
/* End PBXProject section */

/* Begin PBXResourcesBuildPhase section */
		E2256B101CBF193300A6E786 /* Resources */ = {
			isa = PBXResourcesBuildPhase;
			buildActionMask = 2147483647;
			files = (
				E2256B201CBF193300A6E786 /* LaunchScreen.storyboard in Resources */,
				E2256B1D1CBF193300A6E786 /* Assets.xcassets in Resources */,
				E2256B1B1CBF193300A6E786 /* Main.storyboard in Resources */,
			);
			runOnlyForDeploymentPostprocessing = 0;
		};
/* End PBXResourcesBuildPhase section */

/* Begin PBXShellScriptBuildPhase section */
		7E01906E97551B6163E3557F /* Check Pods Manifest.lock */ = {
			isa = PBXShellScriptBuildPhase;
			buildActionMask = 2147483647;
			files = (
			);
			inputPaths = (
			);
			name = "Check Pods Manifest.lock";
			outputPaths = (
			);
			runOnlyForDeploymentPostprocessing = 0;
			shellPath = /bin/sh;
			shellScript = "diff \"${PODS_ROOT}/../Podfile.lock\" \"${PODS_ROOT}/Manifest.lock\" > /dev/null\nif [[ $? != 0 ]] ; then\n    cat << EOM\nerror: The sandbox is not in sync with the Podfile.lock. Run 'pod install' or update your CocoaPods installation.\nEOM\n    exit 1\nfi\n";
			showEnvVarsInLog = 0;
		};
		8652C86FBF8715C116BFFB50 /* Copy Pods Resources */ = {
			isa = PBXShellScriptBuildPhase;
			buildActionMask = 2147483647;
			files = (
			);
			inputPaths = (
			);
			name = "Copy Pods Resources";
			outputPaths = (
			);
			runOnlyForDeploymentPostprocessing = 0;
			shellPath = /bin/sh;
			shellScript = "\"${SRCROOT}/Pods/Target Support Files/Pods/Pods-resources.sh\"\n";
			showEnvVarsInLog = 0;
		};
		E4FABA696DDB6851949BE715 /* Embed Pods Frameworks */ = {
			isa = PBXShellScriptBuildPhase;
			buildActionMask = 2147483647;
			files = (
			);
			inputPaths = (
			);
			name = "Embed Pods Frameworks";
			outputPaths = (
			);
			runOnlyForDeploymentPostprocessing = 0;
			shellPath = /bin/sh;
			shellScript = "\"${SRCROOT}/Pods/Target Support Files/Pods/Pods-frameworks.sh\"\n";
			showEnvVarsInLog = 0;
		};
/* End PBXShellScriptBuildPhase section */

/* Begin PBXSourcesBuildPhase section */
		E2256B0E1CBF193300A6E786 /* Sources */ = {
			isa = PBXSourcesBuildPhase;
			buildActionMask = 2147483647;
			files = (
				E2256B2A1CBF199200A6E786 /* User.swift in Sources */,
				E2256B181CBF193300A6E786 /* ViewController.swift in Sources */,
				E2256B281CBF198A00A6E786 /* TableViewController.swift in Sources */,
				E2256B161CBF193300A6E786 /* AppDelegate.swift in Sources */,
			);
			runOnlyForDeploymentPostprocessing = 0;
		};
/* End PBXSourcesBuildPhase section */

/* Begin PBXVariantGroup section */
		E2256B191CBF193300A6E786 /* Main.storyboard */ = {
			isa = PBXVariantGroup;
			children = (
				E2256B1A1CBF193300A6E786 /* Base */,
			);
			name = Main.storyboard;
			sourceTree = "<group>";
		};
		E2256B1E1CBF193300A6E786 /* LaunchScreen.storyboard */ = {
			isa = PBXVariantGroup;
			children = (
				E2256B1F1CBF193300A6E786 /* Base */,
			);
			name = LaunchScreen.storyboard;
			sourceTree = "<group>";
		};
/* End PBXVariantGroup section */

/* Begin XCBuildConfiguration section */
		E2256B221CBF193300A6E786 /* Debug */ = {
			isa = XCBuildConfiguration;
			buildSettings = {
				ALWAYS_SEARCH_USER_PATHS = NO;
				CLANG_CXX_LANGUAGE_STANDARD = "gnu++0x";
				CLANG_CXX_LIBRARY = "libc++";
				CLANG_ENABLE_MODULES = YES;
				CLANG_ENABLE_OBJC_ARC = YES;
				CLANG_WARN_BOOL_CONVERSION = YES;
				CLANG_WARN_CONSTANT_CONVERSION = YES;
				CLANG_WARN_DIRECT_OBJC_ISA_USAGE = YES_ERROR;
				CLANG_WARN_EMPTY_BODY = YES;
				CLANG_WARN_ENUM_CONVERSION = YES;
				CLANG_WARN_INT_CONVERSION = YES;
				CLANG_WARN_OBJC_ROOT_CLASS = YES_ERROR;
				CLANG_WARN_UNREACHABLE_CODE = YES;
				CLANG_WARN__DUPLICATE_METHOD_MATCH = YES;
				"CODE_SIGN_IDENTITY[sdk=iphoneos*]" = "iPhone Developer";
				COPY_PHASE_STRIP = NO;
				DEBUG_INFORMATION_FORMAT = dwarf;
				ENABLE_STRICT_OBJC_MSGSEND = YES;
				ENABLE_TESTABILITY = YES;
				GCC_C_LANGUAGE_STANDARD = gnu99;
				GCC_DYNAMIC_NO_PIC = NO;
				GCC_NO_COMMON_BLOCKS = YES;
				GCC_OPTIMIZATION_LEVEL = 0;
				GCC_PREPROCESSOR_DEFINITIONS = (
					"DEBUG=1",
					"$(inherited)",
				);
				GCC_WARN_64_TO_32_BIT_CONVERSION = YES;
				GCC_WARN_ABOUT_RETURN_TYPE = YES_ERROR;
				GCC_WARN_UNDECLARED_SELECTOR = YES;
				GCC_WARN_UNINITIALIZED_AUTOS = YES_AGGRESSIVE;
				GCC_WARN_UNUSED_FUNCTION = YES;
				GCC_WARN_UNUSED_VARIABLE = YES;
				IPHONEOS_DEPLOYMENT_TARGET = 9.2;
				MTL_ENABLE_DEBUG_INFO = YES;
				ONLY_ACTIVE_ARCH = YES;
				SDKROOT = iphoneos;
				SWIFT_OPTIMIZATION_LEVEL = "-Onone";
			};
			name = Debug;
		};
		E2256B231CBF193300A6E786 /* Release */ = {
			isa = XCBuildConfiguration;
			buildSettings = {
				ALWAYS_SEARCH_USER_PATHS = NO;
				CLANG_CXX_LANGUAGE_STANDARD = "gnu++0x";
				CLANG_CXX_LIBRARY = "libc++";
				CLANG_ENABLE_MODULES = YES;
				CLANG_ENABLE_OBJC_ARC = YES;
				CLANG_WARN_BOOL_CONVERSION = YES;
				CLANG_WARN_CONSTANT_CONVERSION = YES;
				CLANG_WARN_DIRECT_OBJC_ISA_USAGE = YES_ERROR;
				CLANG_WARN_EMPTY_BODY = YES;
				CLANG_WARN_ENUM_CONVERSION = YES;
				CLANG_WARN_INT_CONVERSION = YES;
				CLANG_WARN_OBJC_ROOT_CLASS = YES_ERROR;
				CLANG_WARN_UNREACHABLE_CODE = YES;
				CLANG_WARN__DUPLICATE_METHOD_MATCH = YES;
				"CODE_SIGN_IDENTITY[sdk=iphoneos*]" = "iPhone Developer";
				COPY_PHASE_STRIP = NO;
				DEBUG_INFORMATION_FORMAT = "dwarf-with-dsym";
				ENABLE_NS_ASSERTIONS = NO;
				ENABLE_STRICT_OBJC_MSGSEND = YES;
				GCC_C_LANGUAGE_STANDARD = gnu99;
				GCC_NO_COMMON_BLOCKS = YES;
				GCC_WARN_64_TO_32_BIT_CONVERSION = YES;
				GCC_WARN_ABOUT_RETURN_TYPE = YES_ERROR;
				GCC_WARN_UNDECLARED_SELECTOR = YES;
				GCC_WARN_UNINITIALIZED_AUTOS = YES_AGGRESSIVE;
				GCC_WARN_UNUSED_FUNCTION = YES;
				GCC_WARN_UNUSED_VARIABLE = YES;
				IPHONEOS_DEPLOYMENT_TARGET = 9.2;
				MTL_ENABLE_DEBUG_INFO = NO;
				SDKROOT = iphoneos;
				VALIDATE_PRODUCT = YES;
			};
			name = Release;
		};
		E2256B251CBF193300A6E786 /* Debug */ = {
			isa = XCBuildConfiguration;
			baseConfigurationReference = 1DCCE841A55A0CDEB8639074 /* Pods.debug.xcconfig */;
			buildSettings = {
				ASSETCATALOG_COMPILER_APPICON_NAME = AppIcon;
				INFOPLIST_FILE = RealmSwiftSample/Info.plist;
				LD_RUNPATH_SEARCH_PATHS = "$(inherited) @executable_path/Frameworks";
				PRODUCT_BUNDLE_IDENTIFIER = com.example.RealmSwiftSample;
				PRODUCT_NAME = "$(TARGET_NAME)";
			};
			name = Debug;
		};
		E2256B261CBF193300A6E786 /* Release */ = {
			isa = XCBuildConfiguration;
			baseConfigurationReference = B7D6DB36646D38A929F979DF /* Pods.release.xcconfig */;
			buildSettings = {
				ASSETCATALOG_COMPILER_APPICON_NAME = AppIcon;
				INFOPLIST_FILE = RealmSwiftSample/Info.plist;
				LD_RUNPATH_SEARCH_PATHS = "$(inherited) @executable_path/Frameworks";
				PRODUCT_BUNDLE_IDENTIFIER = com.example.RealmSwiftSample;
				PRODUCT_NAME = "$(TARGET_NAME)";
			};
			name = Release;
		};
/* End XCBuildConfiguration section */

/* Begin XCConfigurationList section */
		E2256B0D1CBF193300A6E786 /* Build configuration list for PBXProject "RealmSwiftSample" */ = {
			isa = XCConfigurationList;
			buildConfigurations = (
				E2256B221CBF193300A6E786 /* Debug */,
				E2256B231CBF193300A6E786 /* Release */,
			);
			defaultConfigurationIsVisible = 0;
			defaultConfigurationName = Release;
		};
		E2256B241CBF193300A6E786 /* Build configuration list for PBXNativeTarget "RealmSwiftSample" */ = {
			isa = XCConfigurationList;
			buildConfigurations = (
				E2256B251CBF193300A6E786 /* Debug */,
				E2256B261CBF193300A6E786 /* Release */,
			);
			defaultConfigurationIsVisible = 0;
			defaultConfigurationName = Release;
		};
/* End XCConfigurationList section */
	};
	rootObject = E2256B0A1CBF193300A6E786 /* Project object */;
}
